
Microsoft Visual Studio Solution File, Format Version 11.00
# Visual Studio 2010
Project("{FAE04EC0-301F-11D3-BF4B-00C04F79EFBC}") = "udacity-vr-storyteller-revenge", "Assembly-CSharp.csproj", "{B2A165B2-04C6-8CFE-C982-7A03821EACB0}"
EndProject
Project("{FAE04EC0-301F-11D3-BF4B-00C04F79EFBC}") = "udacity-vr-storyteller-revenge", "Assembly-CSharp-Editor.csproj", "{17A05ED1-9D1C-8D01-8161-237CAA9CB31C}"
EndProject
Global
	GlobalSection(SolutionConfigurationPlatforms) = preSolution
		Debug|Any CPU = Debug|Any CPU
		Release|Any CPU = Release|Any CPU
	EndGlobalSection
	GlobalSection(ProjectConfigurationPlatforms) = postSolution
		{B2A165B2-04C6-8CFE-C982-7A03821EACB0}.Debug|Any CPU.ActiveCfg = Debug|Any CPU
		{B2A165B2-04C6-8CFE-C982-7A03821EACB0}.Debug|Any CPU.Build.0 = Debug|Any CPU
		{B2A165B2-04C6-8CFE-C982-7A03821EACB0}.Release|Any CPU.ActiveCfg = Release|Any CPU
		{B2A165B2-04C6-8CFE-C982-7A03821EACB0}.Release|Any CPU.Build.0 = Release|Any CPU
		{17A05ED1-9D1C-8D01-8161-237CAA9CB31C}.Debug|Any CPU.ActiveCfg = Debug|Any CPU
		{17A05ED1-9D1C-8D01-8161-237CAA9CB31C}.Debug|Any CPU.Build.0 = Debug|Any CPU
		{17A05ED1-9D1C-8D01-8161-237CAA9CB31C}.Release|Any CPU.ActiveCfg = Release|Any CPU
		{17A05ED1-9D1C-8D01-8161-237CAA9CB31C}.Release|Any CPU.Build.0 = Release|Any CPU
	EndGlobalSection
	GlobalSection(SolutionProperties) = preSolution
		HideSolutionNode = FALSE
	EndGlobalSection
	GlobalSection(MonoDevelopProperties) = preSolution
		StartupItem = Assembly-CSharp.csproj
	EndGlobalSection
EndGlobal
